{
  "name": "vibecode",
  "version": "1.0.0",
  "lockfileVersion": 3,
  "requires": true,
  "packages": {
    "": {
      "name": "vibecode",
      "version": "1.0.0",
      "license": "ISC",
      "dependencies": {
        "dotenv": "^17.3.1",
        "groq-sdk": "^1.1.1"
      }
    },
    "node_modules/dotenv": {
      "version": "17.3.1",
      "resolved": "https://registry.npmjs.org/dotenv/-/dotenv-17.3.1.tgz",
      "integrity": "sha512-IO8C/dzEb6O3F9/twg6ZLXz164a2fhTnEWb95H23Dm4OuN+92NmEAlTrupP9VW6Jm3sO26tQlqyvyi4CsnY9GA==",
      "license": "BSD-2-Clause",
      "engines": {
        "node": ">=12"
      },
      "funding": {
        "url": "https://dotenvx.com"
      }
    },
    "node_modules/groq-sdk": {
      "version": "1.1.1",
      "resolved": "https://registry.npmjs.org/groq-sdk/-/groq-sdk-1.1.1.tgz",
      "integrity": "sha512-p0fb/sfrYfUDJf+b4s+ptV6XrQnY0gA0u2pbaH4E1l6yaeLCKtdX5OBhP/wXXBuKrSnU9w45RaFebfJDWxsXMw==",
      "license": "Apache-2.0",
      "bin": {
        "groq-sdk": "bin/cli"
      }
    }
  }
}
